{
  "nodes": {
    "nixpkgs": {
      "locked": {
        "lastModified": 1677288274,
        "narHash": "sha256-Ke9q2D41tkETlc/wsGPRaBTiNGTox8i/O1KelWi6d3g=",
        "owner": "nixos",
        "repo": "nixpkgs",
        "rev": "568db3e44723d02431ba0e83321f64f17e3d5d51",
        "type": "github"
      },
      "original": {
        "owner": "nixos",
        "repo": "nixpkgs",
        "rev": "568db3e44723d02431ba0e83321f64f17e3d5d51",
        "type": "github"
      }
    },
    "root": {
      "inputs": {
        "nixpkgs": "nixpkgs"
      }
    }
  },
  "root": "root",
  "version": 7
}
